
Microsoft Visual Studio Solution File, Format Version 12.00
# Visual Studio Version 17
VisualStudioVersion = 17.9.34607.119
MinimumVisualStudioVersion = 10.0.40219.1
Project("{FAE04EC0-301F-11D3-BF4B-00C04F79EFBC}") = "CubeBuild", "CubeBuild\CubeBuild.csproj", "{465E7720-44C3-49D2-8DAE-585D83C02300}"
EndProject
Global
	GlobalSection(SolutionConfigurationPlatforms) = preSolution
		Debug|Any CPU = Debug|Any CPU
		Release|Any CPU = Release|Any CPU
	EndGlobalSection
	GlobalSection(ProjectConfigurationPlatforms) = postSolution
		{465E7720-44C3-49D2-8DAE-585D83C02300}.Debug|Any CPU.ActiveCfg = Debug|Any CPU
		{465E7720-44C3-49D2-8DAE-585D83C02300}.Debug|Any CPU.Build.0 = Debug|Any CPU
		{465E7720-44C3-49D2-8DAE-585D83C02300}.Release|Any CPU.ActiveCfg = Release|Any CPU
		{465E7720-44C3-49D2-8DAE-585D83C02300}.Release|Any CPU.Build.0 = Release|Any CPU
	EndGlobalSection
	GlobalSection(SolutionProperties) = preSolution
		HideSolutionNode = FALSE
	EndGlobalSection
	GlobalSection(ExtensibilityGlobals) = postSolution
		SolutionGuid = {DDCD88BE-AC7F-4216-8955-E262003EBCE9}
	EndGlobalSection
EndGlobal
